
Microsoft Visual Studio Solution File, Format Version 12.00
# Visual Studio Version 17
VisualStudioVersion = 17.0.31919.166
MinimumVisualStudioVersion = 10.0.40219.1
Project("{FAE04EC0-301F-11D3-BF4B-00C04F79EFBC}") = "Activity_13", "Activity_13\Activity_13.csproj", "{FAEACA54-BE82-4CFF-ACC8-F5FEE031A3AE}"
EndProject
Global
	GlobalSection(SolutionConfigurationPlatforms) = preSolution
		Debug|Any CPU = Debug|Any CPU
		Release|Any CPU = Release|Any CPU
	EndGlobalSection
	GlobalSection(ProjectConfigurationPlatforms) = postSolution
		{FAEACA54-BE82-4CFF-ACC8-F5FEE031A3AE}.Debug|Any CPU.ActiveCfg = Debug|Any CPU
		{FAEACA54-BE82-4CFF-ACC8-F5FEE031A3AE}.Debug|Any CPU.Build.0 = Debug|Any CPU
		{FAEACA54-BE82-4CFF-ACC8-F5FEE031A3AE}.Release|Any CPU.ActiveCfg = Release|Any CPU
		{FAEACA54-BE82-4CFF-ACC8-F5FEE031A3AE}.Release|Any CPU.Build.0 = Release|Any CPU
	EndGlobalSection
	GlobalSection(SolutionProperties) = preSolution
		HideSolutionNode = FALSE
	EndGlobalSection
	GlobalSection(ExtensibilityGlobals) = postSolution
		SolutionGuid = {48228254-9204-4D99-A4C3-7D3A0DC5FD2B}
	EndGlobalSection
EndGlobal
